
Microsoft Visual Studio Solution File, Format Version 12.00
# Visual Studio Version 16
VisualStudioVersion = 16.0.34931.43
MinimumVisualStudioVersion = 10.0.40219.1
Project("{FAE04EC0-301F-11D3-BF4B-00C04F79EFBC}") = "42-practicum", "42-practicum.csproj", "{599D9BDF-5725-4F79-8FB3-9FE50228F409}"
EndProject
Global
	GlobalSection(SolutionConfigurationPlatforms) = preSolution
		Debug|Any CPU = Debug|Any CPU
		Release|Any CPU = Release|Any CPU
	EndGlobalSection
	GlobalSection(ProjectConfigurationPlatforms) = postSolution
		{599D9BDF-5725-4F79-8FB3-9FE50228F409}.Debug|Any CPU.ActiveCfg = Debug|Any CPU
		{599D9BDF-5725-4F79-8FB3-9FE50228F409}.Debug|Any CPU.Build.0 = Debug|Any CPU
		{599D9BDF-5725-4F79-8FB3-9FE50228F409}.Release|Any CPU.ActiveCfg = Release|Any CPU
		{599D9BDF-5725-4F79-8FB3-9FE50228F409}.Release|Any CPU.Build.0 = Release|Any CPU
	EndGlobalSection
	GlobalSection(SolutionProperties) = preSolution
		HideSolutionNode = FALSE
	EndGlobalSection
	GlobalSection(ExtensibilityGlobals) = postSolution
		SolutionGuid = {CDDBFA0C-E500-4C88-B5C5-ADF5F1EC6F6D}
	EndGlobalSection
EndGlobal
